PODS:
  - CCBaseKit (0.0.3)
  - SnapKit (5.0.1)

DEPENDENCIES:
  - CCBaseKit (from `../CCBaseKit`)
  - SnapKit

SPEC REPOS:
  https://github.com/CocoaPods/Specs.git:
    - SnapKit

EXTERNAL SOURCES:
  CCBaseKit:
    :path: "../CCBaseKit"

SPEC CHECKSUMS:
  CCBaseKit: 72ef28106b1d2c25a61f703780cbf31c4e857cd7
  SnapKit: 97b92857e3df3a0c71833cce143274bf6ef8e5eb

PODFILE CHECKSUM: 09b61279eb21dd7ec5cf228b2cdd2b5b34616ebf

COCOAPODS: 1.8.4
